version = 1
revision = 3
requires-python = ">=3.10"

[[package]]
name = "grandalf"
version = "0.8"
source = { registry = "https://pypi.org/simple" }
dependencies = [
    { name = "pyparsing" },
]
sdist = { url = "https://files.pythonhosted.org/packages/95/0e/4ac934b416857969f9135dec17ac80660634327e003a870835dd1f382659/grandalf-0.8.tar.gz", hash = "sha256:2813f7aab87f0d20f334a3162ccfbcbf085977134a17a5b516940a93a77ea974", size = 38128, upload-time = "2023-01-26T07:37:06.668Z" }
wheels = [
    { url = "https://files.pythonhosted.org/packages/61/30/44c7eb0a952478dbb5f2f67df806686d6a7e4b19f6204e091c4f49dc7c69/grandalf-0.8-py3-none-any.whl", hash = "sha256:793ca254442f4a79252ea9ff1ab998e852c1e071b863593e5383afee906b4185", size = 41802, upload-time = "2023-01-10T15:16:19.753Z" },
]

[[package]]
name = "project"
version = "0.1.0"
source = { virtual = "." }
dependencies = [
    { name = "grandalf" },
]

[package.metadata]
requires-dist = [{ name = "grandalf", specifier = ">=0.8" }]

[[package]]
name = "pyparsing"
version = "3.2.3"
source = { registry = "https://pypi.org/simple" }
sdist = { url = "https://files.pythonhosted.org/packages/bb/22/f1129e69d94ffff626bdb5c835506b3a5b4f3d070f17ea295e12c2c6f60f/pyparsing-3.2.3.tar.gz", hash = "sha256:b9c13f1ab8b3b542f72e28f634bad4de758ab3ce4546e4301970ad6fa77c38be", size = 1088608, upload-time = "2025-03-25T05:01:28.114Z" }
wheels = [
    { url = "https://files.pythonhosted.org/packages/05/e7/df2285f3d08fee213f2d041540fa4fc9ca6c2d44cf36d3a035bf2a8d2bcc/pyparsing-3.2.3-py3-none-any.whl", hash = "sha256:a749938e02d6fd0b59b356ca504a24982314bb090c383e3cf201c95ef7e2bfcf", size = 111120, upload-time = "2025-03-25T05:01:24.908Z" },
]
